// !$*UTF8*$!
{
	archiveVersion = 1;
	classes = {
	};
	objectVersion = 46;
	objects = {

/* Begin PBXBuildFile section */
		7E0F97F519FF1B1C00EA690E /* AppDelegate.swift in Sources */ = {isa = PBXBuildFile; fileRef = 7E0F97F419FF1B1C00EA690E /* AppDelegate.swift */; };
		7E0F97F719FF1B1C00EA690E /* ViewController.swift in Sources */ = {isa = PBXBuildFile; fileRef = 7E0F97F619FF1B1C00EA690E /* ViewController.swift */; };
		7E0F97FA19FF1B1C00EA690E /* Main.storyboard in Resources */ = {isa = PBXBuildFile; fileRef = 7E0F97F819FF1B1C00EA690E /* Main.storyboard */; };
		7E0F97FC19FF1B1C00EA690E /* Images.xcassets in Resources */ = {isa = PBXBuildFile; fileRef = 7E0F97FB19FF1B1C00EA690E /* Images.xcassets */; };
		7E0F97FF19FF1B1C00EA690E /* LaunchScreen.xib in Resources */ = {isa = PBXBuildFile; fileRef = 7E0F97FD19FF1B1C00EA690E /* LaunchScreen.xib */; };
		7E0F980B19FF1B1C00EA690E /* ToDoListTests.swift in Sources */ = {isa = PBXBuildFile; fileRef = 7E0F980A19FF1B1C00EA690E /* ToDoListTests.swift */; };
/* End PBXBuildFile section */

/* Begin PBXContainerItemProxy section */
		7E0F980519FF1B1C00EA690E /* PBXContainerItemProxy */ = {
			isa = PBXContainerItemProxy;
			containerPortal = 7E0F97E719FF1B1B00EA690E /* Project object */;
			proxyType = 1;
			remoteGlobalIDString = 7E0F97EE19FF1B1B00EA690E;
			remoteInfo = ToDoList;
		};
/* End PBXContainerItemProxy section */

/* Begin PBXFileReference section */
		7E0F97EF19FF1B1B00EA690E /* ToDoList.app */ = {isa = PBXFileReference; explicitFileType = wrapper.application; includeInIndex = 0; path = ToDoList.app; sourceTree = BUILT_PRODUCTS_DIR; };
		7E0F97F319FF1B1C00EA690E /* Info.plist */ = {isa = PBXFileReference; lastKnownFileType = text.plist.xml; path = Info.plist; sourceTree = "<group>"; };
		7E0F97F419FF1B1C00EA690E /* AppDelegate.swift */ = {isa = PBXFileReference; lastKnownFileType = sourcecode.swift; path = AppDelegate.swift; sourceTree = "<group>"; };
		7E0F97F619FF1B1C00EA690E /* ViewController.swift */ = {isa = PBXFileReference; lastKnownFileType = sourcecode.swift; path = ViewController.swift; sourceTree = "<group>"; };
		7E0F97F919FF1B1C00EA690E /* Base */ = {isa = PBXFileReference; lastKnownFileType = file.storyboard; name = Base; path = Base.lproj/Main.storyboard; sourceTree = "<group>"; };
		7E0F97FB19FF1B1C00EA690E /* Images.xcassets */ = {isa = PBXFileReference; lastKnownFileType = folder.assetcatalog; path = Images.xcassets; sourceTree = "<group>"; };
		7E0F97FE19FF1B1C00EA690E /* Base */ = {isa = PBXFileReference; lastKnownFileType = file.xib; name = Base; path = Base.lproj/LaunchScreen.xib; sourceTree = "<group>"; };
		7E0F980419FF1B1C00EA690E /* ToDoListTests.xctest */ = {isa = PBXFileReference; explicitFileType = wrapper.cfbundle; includeInIndex = 0; path = ToDoListTests.xctest; sourceTree = BUILT_PRODUCTS_DIR; };
		7E0F980919FF1B1C00EA690E /* Info.plist */ = {isa = PBXFileReference; lastKnownFileType = text.plist.xml; path = Info.plist; sourceTree = "<group>"; };
		7E0F980A19FF1B1C00EA690E /* ToDoListTests.swift */ = {isa = PBXFileReference; lastKnownFileType = sourcecode.swift; path = ToDoListTests.swift; sourceTree = "<group>"; };
/* End PBXFileReference section */

/* Begin PBXFrameworksBuildPhase section */
		7E0F97EC19FF1B1B00EA690E /* Frameworks */ = {
			isa = PBXFrameworksBuildPhase;
			buildActionMask = 2147483647;
			files = (
			);
			runOnlyForDeploymentPostprocessing = 0;
		};
		7E0F980119FF1B1C00EA690E /* Frameworks */ = {
			isa = PBXFrameworksBuildPhase;
			buildActionMask = 2147483647;
			files = (
			);
			runOnlyForDeploymentPostprocessing = 0;
		};
/* End PBXFrameworksBuildPhase section */

/* Begin PBXGroup section */
		7E0F97E619FF1B1B00EA690E = {
			isa = PBXGroup;
			children = (
				7E0F97F119FF1B1B00EA690E /* ToDoList */,
				7E0F980719FF1B1C00EA690E /* ToDoListTests */,
				7E0F97F019FF1B1B00EA690E /* Products */,
			);
			sourceTree = "<group>";
		};
		7E0F97F019FF1B1B00EA690E /* Products */ = {
			isa = PBXGroup;
			children = (
				7E0F97EF19FF1B1B00EA690E /* ToDoList.app */,
				7E0F980419FF1B1C00EA690E /* ToDoListTests.xctest */,
			);
			name = Products;
			sourceTree = "<group>";
		};
		7E0F97F119FF1B1B00EA690E /* ToDoList */ = {
			isa = PBXGroup;
			children = (
				7E0F97F419FF1B1C00EA690E /* AppDelegate.swift */,
				7E0F97F619FF1B1C00EA690E /* ViewController.swift */,
				7E0F97F819FF1B1C00EA690E /* Main.storyboard */,
				7E0F97FB19FF1B1C00EA690E /* Images.xcassets */,
				7E0F97FD19FF1B1C00EA690E /* LaunchScreen.xib */,
				7E0F97F219FF1B1B00EA690E /* Supporting Files */,
			);
			path = ToDoList;
			sourceTree = "<group>";
		};
		7E0F97F219FF1B1B00EA690E /* Supporting Files */ = {
			isa = PBXGroup;
			children = (
				7E0F97F319FF1B1C00EA690E /* Info.plist */,
			);
			name = "Supporting Files";
			sourceTree = "<group>";
		};
		7E0F980719FF1B1C00EA690E /* ToDoListTests */ = {
			isa = PBXGroup;
			children = (
				7E0F980A19FF1B1C00EA690E /* ToDoListTests.swift */,
				7E0F980819FF1B1C00EA690E /* Supporting Files */,
			);
			path = ToDoListTests;
			sourceTree = "<group>";
		};
		7E0F980819FF1B1C00EA690E /* Supporting Files */ = {
			isa = PBXGroup;
			children = (
				7E0F980919FF1B1C00EA690E /* Info.plist */,
			);
			name = "Supporting Files";
			sourceTree = "<group>";
		};
/* End PBXGroup section */

/* Begin PBXNativeTarget section */
		7E0F97EE19FF1B1B00EA690E /* ToDoList */ = {
			isa = PBXNativeTarget;
			buildConfigurationList = 7E0F980E19FF1B1C00EA690E /* Build configuration list for PBXNativeTarget "ToDoList" */;
			buildPhases = (
				7E0F97EB19FF1B1B00EA690E /* Sources */,
				7E0F97EC19FF1B1B00EA690E /* Frameworks */,
				7E0F97ED19FF1B1B00EA690E /* Resources */,
			);
			buildRules = (
			);
			dependencies = (
			);
			name = ToDoList;
			productName = ToDoList;
			productReference = 7E0F97EF19FF1B1B00EA690E /* ToDoList.app */;
			productType = "com.apple.product-type.application";
		};
		7E0F980319FF1B1C00EA690E /* ToDoListTests */ = {
			isa = PBXNativeTarget;
			buildConfigurationList = 7E0F981119FF1B1C00EA690E /* Build configuration list for PBXNativeTarget "ToDoListTests" */;
			buildPhases = (
				7E0F980019FF1B1C00EA690E /* Sources */,
				7E0F980119FF1B1C00EA690E /* Frameworks */,
				7E0F980219FF1B1C00EA690E /* Resources */,
			);
			buildRules = (
			);
			dependencies = (
				7E0F980619FF1B1C00EA690E /* PBXTargetDependency */,
			);
			name = ToDoListTests;
			productName = ToDoListTests;
			productReference = 7E0F980419FF1B1C00EA690E /* ToDoListTests.xctest */;
			productType = "com.apple.product-type.bundle.unit-test";
		};
/* End PBXNativeTarget section */

/* Begin PBXProject section */
		7E0F97E719FF1B1B00EA690E /* Project object */ = {
			isa = PBXProject;
			attributes = {
				LastUpgradeCheck = 0610;
				ORGANIZATIONNAME = SF;
				TargetAttributes = {
					7E0F97EE19FF1B1B00EA690E = {
						CreatedOnToolsVersion = 6.1;
					};
					7E0F980319FF1B1C00EA690E = {
						CreatedOnToolsVersion = 6.1;
						TestTargetID = 7E0F97EE19FF1B1B00EA690E;
					};
				};
			};
			buildConfigurationList = 7E0F97EA19FF1B1B00EA690E /* Build configuration list for PBXProject "ToDoList" */;
			compatibilityVersion = "Xcode 3.2";
			developmentRegion = English;
			hasScannedForEncodings = 0;
			knownRegions = (
				en,
				Base,
			);
			mainGroup = 7E0F97E619FF1B1B00EA690E;
			productRefGroup = 7E0F97F019FF1B1B00EA690E /* Products */;
			projectDirPath = "";
			projectRoot = "";
			targets = (
				7E0F97EE19FF1B1B00EA690E /* ToDoList */,
				7E0F980319FF1B1C00EA690E /* ToDoListTests */,
			);
		};
/* End PBXProject section */

/* Begin PBXResourcesBuildPhase section */
		7E0F97ED19FF1B1B00EA690E /* Resources */ = {
			isa = PBXResourcesBuildPhase;
			buildActionMask = 2147483647;
			files = (
				7E0F97FA19FF1B1C00EA690E /* Main.storyboard in Resources */,
				7E0F97FF19FF1B1C00EA690E /* LaunchScreen.xib in Resources */,
				7E0F97FC19FF1B1C00EA690E /* Images.xcassets in Resources */,
			);
			runOnlyForDeploymentPostprocessing = 0;
		};
		7E0F980219FF1B1C00EA690E /* Resources */ = {
			isa = PBXResourcesBuildPhase;
			buildActionMask = 2147483647;
			files = (
			);
			runOnlyForDeploymentPostprocessing = 0;
		};
/* End PBXResourcesBuildPhase section */

/* Begin PBXSourcesBuildPhase section */
		7E0F97EB19FF1B1B00EA690E /* Sources */ = {
			isa = PBXSourcesBuildPhase;
			buildActionMask = 2147483647;
			files = (
				7E0F97F719FF1B1C00EA690E /* ViewController.swift in Sources */,
				7E0F97F519FF1B1C00EA690E /* AppDelegate.swift in Sources */,
			);
			runOnlyForDeploymentPostprocessing = 0;
		};
		7E0F980019FF1B1C00EA690E /* Sources */ = {
			isa = PBXSourcesBuildPhase;
			buildActionMask = 2147483647;
			files = (
				7E0F980B19FF1B1C00EA690E /* ToDoListTests.swift in Sources */,
			);
			runOnlyForDeploymentPostprocessing = 0;
		};
/* End PBXSourcesBuildPhase section */

/* Begin PBXTargetDependency section */
		7E0F980619FF1B1C00EA690E /* PBXTargetDependency */ = {
			isa = PBXTargetDependency;
			target = 7E0F97EE19FF1B1B00EA690E /* ToDoList */;
			targetProxy = 7E0F980519FF1B1C00EA690E /* PBXContainerItemProxy */;
		};
/* End PBXTargetDependency section */

/* Begin PBXVariantGroup section */
		7E0F97F819FF1B1C00EA690E /* Main.storyboard */ = {
			isa = PBXVariantGroup;
			children = (
				7E0F97F919FF1B1C00EA690E /* Base */,
			);
			name = Main.storyboard;
			sourceTree = "<group>";
		};
		7E0F97FD19FF1B1C00EA690E /* LaunchScreen.xib */ = {
			isa = PBXVariantGroup;
			children = (
				7E0F97FE19FF1B1C00EA690E /* Base */,
			);
			name = LaunchScreen.xib;
			sourceTree = "<group>";
		};
/* End PBXVariantGroup section */

/* Begin XCBuildConfiguration section */
		7E0F980C19FF1B1C00EA690E /* Debug */ = {
			isa = XCBuildConfiguration;
			buildSettings = {
				ALWAYS_SEARCH_USER_PATHS = NO;
				CLANG_CXX_LANGUAGE_STANDARD = "gnu++0x";
				CLANG_CXX_LIBRARY = "libc++";
				CLANG_ENABLE_MODULES = YES;
				CLANG_ENABLE_OBJC_ARC = YES;
				CLANG_WARN_BOOL_CONVERSION = YES;
				CLANG_WARN_CONSTANT_CONVERSION = YES;
				CLANG_WARN_DIRECT_OBJC_ISA_USAGE = YES_ERROR;
				CLANG_WARN_EMPTY_BODY = YES;
				CLANG_WARN_ENUM_CONVERSION = YES;
				CLANG_WARN_INT_CONVERSION = YES;
				CLANG_WARN_OBJC_ROOT_CLASS = YES_ERROR;
				CLANG_WARN_UNREACHABLE_CODE = YES;
				CLANG_WARN__DUPLICATE_METHOD_MATCH = YES;
				"CODE_SIGN_IDENTITY[sdk=iphoneos*]" = "iPhone Developer";
				COPY_PHASE_STRIP = NO;
				ENABLE_STRICT_OBJC_MSGSEND = YES;
				GCC_C_LANGUAGE_STANDARD = gnu99;
				GCC_DYNAMIC_NO_PIC = NO;
				GCC_OPTIMIZATION_LEVEL = 0;
				GCC_PREPROCESSOR_DEFINITIONS = (
					"DEBUG=1",
					"$(inherited)",
				);
				GCC_SYMBOLS_PRIVATE_EXTERN = NO;
				GCC_WARN_64_TO_32_BIT_CONVERSION = YES;
				GCC_WARN_ABOUT_RETURN_TYPE = YES_ERROR;
				GCC_WARN_UNDECLARED_SELECTOR = YES;
				GCC_WARN_UNINITIALIZED_AUTOS = YES_AGGRESSIVE;
				GCC_WARN_UNUSED_FUNCTION = YES;
				GCC_WARN_UNUSED_VARIABLE = YES;
				IPHONEOS_DEPLOYMENT_TARGET = 8.1;
				MTL_ENABLE_DEBUG_INFO = YES;
				ONLY_ACTIVE_ARCH = YES;
				SDKROOT = iphoneos;
				SWIFT_OPTIMIZATION_LEVEL = "-Onone";
			};
			name = Debug;
		};
		7E0F980D19FF1B1C00EA690E /* Release */ = {
			isa = XCBuildConfiguration;
			buildSettings = {
				ALWAYS_SEARCH_USER_PATHS = NO;
				CLANG_CXX_LANGUAGE_STANDARD = "gnu++0x";
				CLANG_CXX_LIBRARY = "libc++";
				CLANG_ENABLE_MODULES = YES;
				CLANG_ENABLE_OBJC_ARC = YES;
				CLANG_WARN_BOOL_CONVERSION = YES;
				CLANG_WARN_CONSTANT_CONVERSION = YES;
				CLANG_WARN_DIRECT_OBJC_ISA_USAGE = YES_ERROR;
				CLANG_WARN_EMPTY_BODY = YES;
				CLANG_WARN_ENUM_CONVERSION = YES;
				CLANG_WARN_INT_CONVERSION = YES;
				CLANG_WARN_OBJC_ROOT_CLASS = YES_ERROR;
				CLANG_WARN_UNREACHABLE_CODE = YES;
				CLANG_WARN__DUPLICATE_METHOD_MATCH = YES;
				"CODE_SIGN_IDENTITY[sdk=iphoneos*]" = "iPhone Developer";
				COPY_PHASE_STRIP = YES;
				ENABLE_NS_ASSERTIONS = NO;
				ENABLE_STRICT_OBJC_MSGSEND = YES;
				GCC_C_LANGUAGE_STANDARD = gnu99;
				GCC_WARN_64_TO_32_BIT_CONVERSION = YES;
				GCC_WARN_ABOUT_RETURN_TYPE = YES_ERROR;
				GCC_WARN_UNDECLARED_SELECTOR = YES;
				GCC_WARN_UNINITIALIZED_AUTOS = YES_AGGRESSIVE;
				GCC_WARN_UNUSED_FUNCTION = YES;
				GCC_WARN_UNUSED_VARIABLE = YES;
				IPHONEOS_DEPLOYMENT_TARGET = 8.1;
				MTL_ENABLE_DEBUG_INFO = NO;
				SDKROOT = iphoneos;
				VALIDATE_PRODUCT = YES;
			};
			name = Release;
		};
		7E0F980F19FF1B1C00EA690E /* Debug */ = {
			isa = XCBuildConfiguration;
			buildSettings = {
				ASSETCATALOG_COMPILER_APPICON_NAME = AppIcon;
				INFOPLIST_FILE = ToDoList/Info.plist;
				LD_RUNPATH_SEARCH_PATHS = "$(inherited) @executable_path/Frameworks";
				PRODUCT_NAME = "$(TARGET_NAME)";
			};
			name = Debug;
		};
		7E0F981019FF1B1C00EA690E /* Release */ = {
			isa = XCBuildConfiguration;
			buildSettings = {
				ASSETCATALOG_COMPILER_APPICON_NAME = AppIcon;
				INFOPLIST_FILE = ToDoList/Info.plist;
				LD_RUNPATH_SEARCH_PATHS = "$(inherited) @executable_path/Frameworks";
				PRODUCT_NAME = "$(TARGET_NAME)";
			};
			name = Release;
		};
		7E0F981219FF1B1C00EA690E /* Debug */ = {
			isa = XCBuildConfiguration;
			buildSettings = {
				BUNDLE_LOADER = "$(TEST_HOST)";
				FRAMEWORK_SEARCH_PATHS = (
					"$(SDKROOT)/Developer/Library/Frameworks",
					"$(inherited)",
				);
				GCC_PREPROCESSOR_DEFINITIONS = (
					"DEBUG=1",
					"$(inherited)",
				);
				INFOPLIST_FILE = ToDoListTests/Info.plist;
				LD_RUNPATH_SEARCH_PATHS = "$(inherited) @executable_path/Frameworks @loader_path/Frameworks";
				PRODUCT_NAME = "$(TARGET_NAME)";
				TEST_HOST = "$(BUILT_PRODUCTS_DIR)/ToDoList.app/ToDoList";
			};
			name = Debug;
		};
		7E0F981319FF1B1C00EA690E /* Release */ = {
			isa = XCBuildConfiguration;
			buildSettings = {
				BUNDLE_LOADER = "$(TEST_HOST)";
				FRAMEWORK_SEARCH_PATHS = (
					"$(SDKROOT)/Developer/Library/Frameworks",
					"$(inherited)",
				);
				INFOPLIST_FILE = ToDoListTests/Info.plist;
				LD_RUNPATH_SEARCH_PATHS = "$(inherited) @executable_path/Frameworks @loader_path/Frameworks";
				PRODUCT_NAME = "$(TARGET_NAME)";
				TEST_HOST = "$(BUILT_PRODUCTS_DIR)/ToDoList.app/ToDoList";
			};
			name = Release;
		};
/* End XCBuildConfiguration section */

/* Begin XCConfigurationList section */
		7E0F97EA19FF1B1B00EA690E /* Build configuration list for PBXProject "ToDoList" */ = {
			isa = XCConfigurationList;
			buildConfigurations = (
				7E0F980C19FF1B1C00EA690E /* Debug */,
				7E0F980D19FF1B1C00EA690E /* Release */,
			);
			defaultConfigurationIsVisible = 0;
			defaultConfigurationName = Release;
		};
		7E0F980E19FF1B1C00EA690E /* Build configuration list for PBXNativeTarget "ToDoList" */ = {
			isa = XCConfigurationList;
			buildConfigurations = (
				7E0F980F19FF1B1C00EA690E /* Debug */,
				7E0F981019FF1B1C00EA690E /* Release */,
			);
			defaultConfigurationIsVisible = 0;
		};
		7E0F981119FF1B1C00EA690E /* Build configuration list for PBXNativeTarget "ToDoListTests" */ = {
			isa = XCConfigurationList;
			buildConfigurations = (
				7E0F981219FF1B1C00EA690E /* Debug */,
				7E0F981319FF1B1C00EA690E /* Release */,
			);
			defaultConfigurationIsVisible = 0;
		};
/* End XCConfigurationList section */
	};
	rootObject = 7E0F97E719FF1B1B00EA690E /* Project object */;
}
